
Microsoft Visual Studio Solution File, Format Version 12.00
# Visual Studio Version 17
VisualStudioVersion = 17.4.33103.184
MinimumVisualStudioVersion = 10.0.40219.1
Project("{FAE04EC0-301F-11D3-BF4B-00C04F79EFBC}") = "Aokana_Unpack", "Aokana_Unpack.csproj", "{6321C419-2317-4CDF-8A03-3E5E5713C7D7}"
EndProject
Global
	GlobalSection(SolutionConfigurationPlatforms) = preSolution
		Debug|Any CPU = Debug|Any CPU
		Release|Any CPU = Release|Any CPU
	EndGlobalSection
	GlobalSection(ProjectConfigurationPlatforms) = postSolution
		{6321C419-2317-4CDF-8A03-3E5E5713C7D7}.Debug|Any CPU.ActiveCfg = Debug|Any CPU
		{6321C419-2317-4CDF-8A03-3E5E5713C7D7}.Debug|Any CPU.Build.0 = Debug|Any CPU
		{6321C419-2317-4CDF-8A03-3E5E5713C7D7}.Release|Any CPU.ActiveCfg = Release|Any CPU
		{6321C419-2317-4CDF-8A03-3E5E5713C7D7}.Release|Any CPU.Build.0 = Release|Any CPU
	EndGlobalSection
	GlobalSection(SolutionProperties) = preSolution
		HideSolutionNode = FALSE
	EndGlobalSection
	GlobalSection(ExtensibilityGlobals) = postSolution
		SolutionGuid = {1801D160-716A-4343-A90D-949EF292DA05}
	EndGlobalSection
EndGlobal
